
Microsoft Visual Studio Solution File, Format Version 12.00
Project("{2150E333-8FDC-42A3-9474-1A3956D46DE8}") = "src", "src", "{CF6AFD52-817C-4254-BCA2-EEC9DC5D845B}"
EndProject
Project("{2150E333-8FDC-42A3-9474-1A3956D46DE8}") = "tests", "tests", "{756481E0-D5CC-4C3D-A754-B13BF0397B60}"
EndProject
Project("{FAE04EC0-301F-11D3-BF4B-00C04F79EFBC}") = "SwapSharp", "src\SwapSharp\SwapSharp.csproj", "{4303210D-B50A-4FFA-8602-4010E6C8F2DE}"
EndProject
Project("{FAE04EC0-301F-11D3-BF4B-00C04F79EFBC}") = "SwapSharp.Tests", "tests\SwapSharp.Tests\SwapSharp.Tests.csproj", "{E1E5FDED-858C-4126-B4BA-3CF19798CC65}"
EndProject
Project("{2150E333-8FDC-42A3-9474-1A3956D46DE8}") = "_solutionItems", "_solutionItems", "{A542BAC7-5F00-463B-9551-70A6D139EA07}"
	ProjectSection(SolutionItems) = preProject
		_solutionItems\StyleCop.ruleset = _solutionItems\StyleCop.ruleset
	EndProjectSection
EndProject
Global
	GlobalSection(SolutionConfigurationPlatforms) = preSolution
		Debug|Any CPU = Debug|Any CPU
		Release|Any CPU = Release|Any CPU
	EndGlobalSection
	GlobalSection(NestedProjects) = preSolution
		{4303210D-B50A-4FFA-8602-4010E6C8F2DE} = {CF6AFD52-817C-4254-BCA2-EEC9DC5D845B}
		{E1E5FDED-858C-4126-B4BA-3CF19798CC65} = {756481E0-D5CC-4C3D-A754-B13BF0397B60}
	EndGlobalSection
	GlobalSection(ProjectConfigurationPlatforms) = postSolution
		{4303210D-B50A-4FFA-8602-4010E6C8F2DE}.Debug|Any CPU.ActiveCfg = Debug|Any CPU
		{4303210D-B50A-4FFA-8602-4010E6C8F2DE}.Debug|Any CPU.Build.0 = Debug|Any CPU
		{4303210D-B50A-4FFA-8602-4010E6C8F2DE}.Release|Any CPU.ActiveCfg = Release|Any CPU
		{4303210D-B50A-4FFA-8602-4010E6C8F2DE}.Release|Any CPU.Build.0 = Release|Any CPU
		{E1E5FDED-858C-4126-B4BA-3CF19798CC65}.Debug|Any CPU.ActiveCfg = Debug|Any CPU
		{E1E5FDED-858C-4126-B4BA-3CF19798CC65}.Debug|Any CPU.Build.0 = Debug|Any CPU
		{E1E5FDED-858C-4126-B4BA-3CF19798CC65}.Release|Any CPU.ActiveCfg = Release|Any CPU
		{E1E5FDED-858C-4126-B4BA-3CF19798CC65}.Release|Any CPU.Build.0 = Release|Any CPU
	EndGlobalSection
EndGlobal
